
Microsoft Visual Studio Solution File, Format Version 12.00
# Visual Studio 2012
Project("{FAE04EC0-301F-11D3-BF4B-00C04F79EFBC}") = "Greedy", "Greedy\Greedy.csproj", "{9FC81030-38DA-40CB-85B6-79C404C37E4B}"
EndProject
Project("{FAE04EC0-301F-11D3-BF4B-00C04F79EFBC}") = "GeneticAlgorithm", "GeneticAlgorithm\GeneticAlgorithm.csproj", "{AED12976-EE4B-4C53-8C23-59F8EBE05334}"
EndProject
Global
	GlobalSection(SolutionConfigurationPlatforms) = preSolution
		Debug|Any CPU = Debug|Any CPU
		Release|Any CPU = Release|Any CPU
	EndGlobalSection
	GlobalSection(ProjectConfigurationPlatforms) = postSolution
		{9FC81030-38DA-40CB-85B6-79C404C37E4B}.Debug|Any CPU.ActiveCfg = Debug|Any CPU
		{9FC81030-38DA-40CB-85B6-79C404C37E4B}.Debug|Any CPU.Build.0 = Debug|Any CPU
		{9FC81030-38DA-40CB-85B6-79C404C37E4B}.Release|Any CPU.ActiveCfg = Release|Any CPU
		{9FC81030-38DA-40CB-85B6-79C404C37E4B}.Release|Any CPU.Build.0 = Release|Any CPU
		{AED12976-EE4B-4C53-8C23-59F8EBE05334}.Debug|Any CPU.ActiveCfg = Debug|Any CPU
		{AED12976-EE4B-4C53-8C23-59F8EBE05334}.Debug|Any CPU.Build.0 = Debug|Any CPU
		{AED12976-EE4B-4C53-8C23-59F8EBE05334}.Release|Any CPU.ActiveCfg = Release|Any CPU
		{AED12976-EE4B-4C53-8C23-59F8EBE05334}.Release|Any CPU.Build.0 = Release|Any CPU
	EndGlobalSection
	GlobalSection(SolutionProperties) = preSolution
		HideSolutionNode = FALSE
	EndGlobalSection
EndGlobal
