
Microsoft Visual Studio Solution File, Format Version 12.00
# Visual Studio 2012
Project("{FAE04EC0-301F-11D3-BF4B-00C04F79EFBC}") = "01. TreeViewPlugIn", "01. TreeViewPlugIn\01. TreeViewPlugIn.csproj", "{201D7345-BB61-424D-82A6-FC12B15F1408}"
EndProject
Global
	GlobalSection(SolutionConfigurationPlatforms) = preSolution
		Debug|Any CPU = Debug|Any CPU
		Release|Any CPU = Release|Any CPU
	EndGlobalSection
	GlobalSection(ProjectConfigurationPlatforms) = postSolution
		{201D7345-BB61-424D-82A6-FC12B15F1408}.Debug|Any CPU.ActiveCfg = Debug|Any CPU
		{201D7345-BB61-424D-82A6-FC12B15F1408}.Debug|Any CPU.Build.0 = Debug|Any CPU
		{201D7345-BB61-424D-82A6-FC12B15F1408}.Release|Any CPU.ActiveCfg = Release|Any CPU
		{201D7345-BB61-424D-82A6-FC12B15F1408}.Release|Any CPU.Build.0 = Release|Any CPU
	EndGlobalSection
	GlobalSection(SolutionProperties) = preSolution
		HideSolutionNode = FALSE
	EndGlobalSection
EndGlobal
