
Microsoft Visual Studio Solution File, Format Version 12.00
# Visual Studio 2012
Project("{FAE04EC0-301F-11D3-BF4B-00C04F79EFBC}") = "01. EventsTask", "01. EventsTask\01. EventsTask.csproj", "{3AACAD20-5625-4E61-899C-6B2AEA3E0C45}"
EndProject
Project("{FAE04EC0-301F-11D3-BF4B-00C04F79EFBC}") = "02. CodeTask", "02. CodeTask\02. CodeTask.csproj", "{0F5E5ABF-4972-4F7F-A0A8-CF17EC4B810A}"
EndProject
Global
	GlobalSection(SolutionConfigurationPlatforms) = preSolution
		Debug|Any CPU = Debug|Any CPU
		Release|Any CPU = Release|Any CPU
	EndGlobalSection
	GlobalSection(ProjectConfigurationPlatforms) = postSolution
		{3AACAD20-5625-4E61-899C-6B2AEA3E0C45}.Debug|Any CPU.ActiveCfg = Debug|Any CPU
		{3AACAD20-5625-4E61-899C-6B2AEA3E0C45}.Debug|Any CPU.Build.0 = Debug|Any CPU
		{3AACAD20-5625-4E61-899C-6B2AEA3E0C45}.Release|Any CPU.ActiveCfg = Release|Any CPU
		{3AACAD20-5625-4E61-899C-6B2AEA3E0C45}.Release|Any CPU.Build.0 = Release|Any CPU
		{0F5E5ABF-4972-4F7F-A0A8-CF17EC4B810A}.Debug|Any CPU.ActiveCfg = Debug|Any CPU
		{0F5E5ABF-4972-4F7F-A0A8-CF17EC4B810A}.Debug|Any CPU.Build.0 = Debug|Any CPU
		{0F5E5ABF-4972-4F7F-A0A8-CF17EC4B810A}.Release|Any CPU.ActiveCfg = Release|Any CPU
		{0F5E5ABF-4972-4F7F-A0A8-CF17EC4B810A}.Release|Any CPU.Build.0 = Release|Any CPU
	EndGlobalSection
	GlobalSection(SolutionProperties) = preSolution
		HideSolutionNode = FALSE
	EndGlobalSection
EndGlobal
