
Microsoft Visual Studio Solution File, Format Version 12.00
# Visual Studio 2012
Project("{FAE04EC0-301F-11D3-BF4B-00C04F79EFBC}") = "01. CartesianCoordinateSystem", "01. CartesianCoordinateSystem\01. CartesianCoordinateSystem.csproj", "{BAEB5298-0F90-4EBA-8D13-1E348334570F}"
EndProject
Project("{FAE04EC0-301F-11D3-BF4B-00C04F79EFBC}") = "02. MissCat2011", "02. MissCat2011\02. MissCat2011.csproj", "{0E08A781-11A3-405A-87F4-A687C448E926}"
EndProject
Project("{FAE04EC0-301F-11D3-BF4B-00C04F79EFBC}") = "03. ForrestRoad", "03. ForrestRoad\03. ForrestRoad.csproj", "{1B8C5860-CEBD-42AE-A9A5-08183B44BC87}"
EndProject
Project("{FAE04EC0-301F-11D3-BF4B-00C04F79EFBC}") = "04. BinaryDigitCount", "04. BinaryDigitCount\04. BinaryDigitCount.csproj", "{B0992469-5A2C-4D4F-B089-C70C1167ED8F}"
EndProject
Project("{FAE04EC0-301F-11D3-BF4B-00C04F79EFBC}") = "05. SubsetSums", "05. SubsetSums\05. SubsetSums.csproj", "{1B5F45DA-BF61-4460-B91F-FE6EFBF6D311}"
EndProject
Global
	GlobalSection(SolutionConfigurationPlatforms) = preSolution
		Debug|Any CPU = Debug|Any CPU
		Release|Any CPU = Release|Any CPU
	EndGlobalSection
	GlobalSection(ProjectConfigurationPlatforms) = postSolution
		{BAEB5298-0F90-4EBA-8D13-1E348334570F}.Debug|Any CPU.ActiveCfg = Debug|Any CPU
		{BAEB5298-0F90-4EBA-8D13-1E348334570F}.Debug|Any CPU.Build.0 = Debug|Any CPU
		{BAEB5298-0F90-4EBA-8D13-1E348334570F}.Release|Any CPU.ActiveCfg = Release|Any CPU
		{BAEB5298-0F90-4EBA-8D13-1E348334570F}.Release|Any CPU.Build.0 = Release|Any CPU
		{0E08A781-11A3-405A-87F4-A687C448E926}.Debug|Any CPU.ActiveCfg = Debug|Any CPU
		{0E08A781-11A3-405A-87F4-A687C448E926}.Debug|Any CPU.Build.0 = Debug|Any CPU
		{0E08A781-11A3-405A-87F4-A687C448E926}.Release|Any CPU.ActiveCfg = Release|Any CPU
		{0E08A781-11A3-405A-87F4-A687C448E926}.Release|Any CPU.Build.0 = Release|Any CPU
		{1B8C5860-CEBD-42AE-A9A5-08183B44BC87}.Debug|Any CPU.ActiveCfg = Debug|Any CPU
		{1B8C5860-CEBD-42AE-A9A5-08183B44BC87}.Debug|Any CPU.Build.0 = Debug|Any CPU
		{1B8C5860-CEBD-42AE-A9A5-08183B44BC87}.Release|Any CPU.ActiveCfg = Release|Any CPU
		{1B8C5860-CEBD-42AE-A9A5-08183B44BC87}.Release|Any CPU.Build.0 = Release|Any CPU
		{B0992469-5A2C-4D4F-B089-C70C1167ED8F}.Debug|Any CPU.ActiveCfg = Debug|Any CPU
		{B0992469-5A2C-4D4F-B089-C70C1167ED8F}.Debug|Any CPU.Build.0 = Debug|Any CPU
		{B0992469-5A2C-4D4F-B089-C70C1167ED8F}.Release|Any CPU.ActiveCfg = Release|Any CPU
		{B0992469-5A2C-4D4F-B089-C70C1167ED8F}.Release|Any CPU.Build.0 = Release|Any CPU
		{1B5F45DA-BF61-4460-B91F-FE6EFBF6D311}.Debug|Any CPU.ActiveCfg = Debug|Any CPU
		{1B5F45DA-BF61-4460-B91F-FE6EFBF6D311}.Debug|Any CPU.Build.0 = Debug|Any CPU
		{1B5F45DA-BF61-4460-B91F-FE6EFBF6D311}.Release|Any CPU.ActiveCfg = Release|Any CPU
		{1B5F45DA-BF61-4460-B91F-FE6EFBF6D311}.Release|Any CPU.Build.0 = Release|Any CPU
	EndGlobalSection
	GlobalSection(SolutionProperties) = preSolution
		HideSolutionNode = FALSE
	EndGlobalSection
EndGlobal
