
Microsoft Visual Studio Solution File, Format Version 12.00
# Visual Studio 2012
Project("{FAE04EC0-301F-11D3-BF4B-00C04F79EFBC}") = "01. OnlineMapTourism", "01. OnlineMapTourism\01. OnlineMapTourism.csproj", "{DD9A13B7-4FCD-4B05-8072-178DC049C48C}"
EndProject
Project("{FAE04EC0-301F-11D3-BF4B-00C04F79EFBC}") = "02. Youtube", "02. Youtube\02. Youtube.csproj", "{20A5523B-30DB-475F-B423-3CEC3BE5D693}"
EndProject
Global
	GlobalSection(SolutionConfigurationPlatforms) = preSolution
		Debug|Any CPU = Debug|Any CPU
		Release|Any CPU = Release|Any CPU
	EndGlobalSection
	GlobalSection(ProjectConfigurationPlatforms) = postSolution
		{DD9A13B7-4FCD-4B05-8072-178DC049C48C}.Debug|Any CPU.ActiveCfg = Debug|Any CPU
		{DD9A13B7-4FCD-4B05-8072-178DC049C48C}.Debug|Any CPU.Build.0 = Debug|Any CPU
		{DD9A13B7-4FCD-4B05-8072-178DC049C48C}.Release|Any CPU.ActiveCfg = Release|Any CPU
		{DD9A13B7-4FCD-4B05-8072-178DC049C48C}.Release|Any CPU.Build.0 = Release|Any CPU
		{20A5523B-30DB-475F-B423-3CEC3BE5D693}.Debug|Any CPU.ActiveCfg = Debug|Any CPU
		{20A5523B-30DB-475F-B423-3CEC3BE5D693}.Debug|Any CPU.Build.0 = Debug|Any CPU
		{20A5523B-30DB-475F-B423-3CEC3BE5D693}.Release|Any CPU.ActiveCfg = Release|Any CPU
		{20A5523B-30DB-475F-B423-3CEC3BE5D693}.Release|Any CPU.Build.0 = Release|Any CPU
	EndGlobalSection
	GlobalSection(SolutionProperties) = preSolution
		HideSolutionNode = FALSE
	EndGlobalSection
EndGlobal
