
Microsoft Visual Studio Solution File, Format Version 12.00
# Visual Studio 2012
Project("{FAE04EC0-301F-11D3-BF4B-00C04F79EFBC}") = "01. SchoolOrganization", "01. SchoolOrganization\01. SchoolOrganization.csproj", "{8B545996-AC7D-459A-910E-CB2C3C1003FD}"
EndProject
Project("{FAE04EC0-301F-11D3-BF4B-00C04F79EFBC}") = "02. Human", "02. Human\02. Human.csproj", "{3A8A5665-76FA-4C50-BFCC-B8FB608098F7}"
EndProject
Project("{FAE04EC0-301F-11D3-BF4B-00C04F79EFBC}") = "03. Animals", "03. Animals\03. Animals.csproj", "{FC161358-2CB0-446A-ADAA-D1CD74B8759E}"
EndProject
Global
	GlobalSection(SolutionConfigurationPlatforms) = preSolution
		Debug|Any CPU = Debug|Any CPU
		Release|Any CPU = Release|Any CPU
	EndGlobalSection
	GlobalSection(ProjectConfigurationPlatforms) = postSolution
		{8B545996-AC7D-459A-910E-CB2C3C1003FD}.Debug|Any CPU.ActiveCfg = Debug|Any CPU
		{8B545996-AC7D-459A-910E-CB2C3C1003FD}.Debug|Any CPU.Build.0 = Debug|Any CPU
		{8B545996-AC7D-459A-910E-CB2C3C1003FD}.Release|Any CPU.ActiveCfg = Release|Any CPU
		{8B545996-AC7D-459A-910E-CB2C3C1003FD}.Release|Any CPU.Build.0 = Release|Any CPU
		{3A8A5665-76FA-4C50-BFCC-B8FB608098F7}.Debug|Any CPU.ActiveCfg = Debug|Any CPU
		{3A8A5665-76FA-4C50-BFCC-B8FB608098F7}.Debug|Any CPU.Build.0 = Debug|Any CPU
		{3A8A5665-76FA-4C50-BFCC-B8FB608098F7}.Release|Any CPU.ActiveCfg = Release|Any CPU
		{3A8A5665-76FA-4C50-BFCC-B8FB608098F7}.Release|Any CPU.Build.0 = Release|Any CPU
		{FC161358-2CB0-446A-ADAA-D1CD74B8759E}.Debug|Any CPU.ActiveCfg = Debug|Any CPU
		{FC161358-2CB0-446A-ADAA-D1CD74B8759E}.Debug|Any CPU.Build.0 = Debug|Any CPU
		{FC161358-2CB0-446A-ADAA-D1CD74B8759E}.Release|Any CPU.ActiveCfg = Release|Any CPU
		{FC161358-2CB0-446A-ADAA-D1CD74B8759E}.Release|Any CPU.Build.0 = Release|Any CPU
	EndGlobalSection
	GlobalSection(SolutionProperties) = preSolution
		HideSolutionNode = FALSE
	EndGlobalSection
EndGlobal
