
Microsoft Visual Studio Solution File, Format Version 12.00
# Visual Studio 2012
Project("{FAE04EC0-301F-11D3-BF4B-00C04F79EFBC}") = "FreeContentCatalog", "KPK-Practical-Exam\FreeContentCatalog.csproj", "{3B9BE953-7049-4872-9556-DA8E6F8B421E}"
EndProject
Project("{FAE04EC0-301F-11D3-BF4B-00C04F79EFBC}") = "FreeContentCatalog.Tests", "FreeContentCatalog.Tests\FreeContentCatalog.Tests.csproj", "{BA439196-0587-42F5-9CEC-230FE48EEA2A}"
EndProject
Global
	GlobalSection(SolutionConfigurationPlatforms) = preSolution
		Debug|Any CPU = Debug|Any CPU
		Release|Any CPU = Release|Any CPU
	EndGlobalSection
	GlobalSection(ProjectConfigurationPlatforms) = postSolution
		{3B9BE953-7049-4872-9556-DA8E6F8B421E}.Debug|Any CPU.ActiveCfg = Debug|Any CPU
		{3B9BE953-7049-4872-9556-DA8E6F8B421E}.Debug|Any CPU.Build.0 = Debug|Any CPU
		{3B9BE953-7049-4872-9556-DA8E6F8B421E}.Release|Any CPU.ActiveCfg = Release|Any CPU
		{3B9BE953-7049-4872-9556-DA8E6F8B421E}.Release|Any CPU.Build.0 = Release|Any CPU
		{BA439196-0587-42F5-9CEC-230FE48EEA2A}.Debug|Any CPU.ActiveCfg = Debug|Any CPU
		{BA439196-0587-42F5-9CEC-230FE48EEA2A}.Debug|Any CPU.Build.0 = Debug|Any CPU
		{BA439196-0587-42F5-9CEC-230FE48EEA2A}.Release|Any CPU.ActiveCfg = Release|Any CPU
		{BA439196-0587-42F5-9CEC-230FE48EEA2A}.Release|Any CPU.Build.0 = Release|Any CPU
	EndGlobalSection
	GlobalSection(SolutionProperties) = preSolution
		HideSolutionNode = FALSE
	EndGlobalSection
EndGlobal
