
Microsoft Visual Studio Solution File, Format Version 12.00
# Visual Studio 2012
Project("{FAE04EC0-301F-11D3-BF4B-00C04F79EFBC}") = "Music.Models", "Music.Models\Music.Models.csproj", "{29E82589-1B22-4F8C-B1E2-8AEE4B92BE31}"
EndProject
Project("{FAE04EC0-301F-11D3-BF4B-00C04F79EFBC}") = "Music.Data", "Music.Data\Music.Data.csproj", "{FB7E1FC0-69BB-42EF-992D-DCDAA6CA2BEB}"
EndProject
Project("{FAE04EC0-301F-11D3-BF4B-00C04F79EFBC}") = "Music.Clients", "Music.Clients\Music.Clients.csproj", "{1DC1757C-9A9F-4E89-8221-B26B04ADDCA4}"
EndProject
Project("{FAE04EC0-301F-11D3-BF4B-00C04F79EFBC}") = "Music.Services", "Music.Services\Music.Services.csproj", "{581B9BD9-392C-4C1A-A11E-AE2A7DC128CF}"
EndProject
Project("{FAE04EC0-301F-11D3-BF4B-00C04F79EFBC}") = "Music.DataTransferObjects", "Music.DataTransferObjects\Music.DataTransferObjects.csproj", "{C8C54BD8-BA81-4028-A928-997B675A9BD8}"
EndProject
Global
	GlobalSection(SolutionConfigurationPlatforms) = preSolution
		Debug|Any CPU = Debug|Any CPU
		Release|Any CPU = Release|Any CPU
	EndGlobalSection
	GlobalSection(ProjectConfigurationPlatforms) = postSolution
		{29E82589-1B22-4F8C-B1E2-8AEE4B92BE31}.Debug|Any CPU.ActiveCfg = Debug|Any CPU
		{29E82589-1B22-4F8C-B1E2-8AEE4B92BE31}.Debug|Any CPU.Build.0 = Debug|Any CPU
		{29E82589-1B22-4F8C-B1E2-8AEE4B92BE31}.Release|Any CPU.ActiveCfg = Release|Any CPU
		{29E82589-1B22-4F8C-B1E2-8AEE4B92BE31}.Release|Any CPU.Build.0 = Release|Any CPU
		{FB7E1FC0-69BB-42EF-992D-DCDAA6CA2BEB}.Debug|Any CPU.ActiveCfg = Debug|Any CPU
		{FB7E1FC0-69BB-42EF-992D-DCDAA6CA2BEB}.Debug|Any CPU.Build.0 = Debug|Any CPU
		{FB7E1FC0-69BB-42EF-992D-DCDAA6CA2BEB}.Release|Any CPU.ActiveCfg = Release|Any CPU
		{FB7E1FC0-69BB-42EF-992D-DCDAA6CA2BEB}.Release|Any CPU.Build.0 = Release|Any CPU
		{1DC1757C-9A9F-4E89-8221-B26B04ADDCA4}.Debug|Any CPU.ActiveCfg = Debug|Any CPU
		{1DC1757C-9A9F-4E89-8221-B26B04ADDCA4}.Debug|Any CPU.Build.0 = Debug|Any CPU
		{1DC1757C-9A9F-4E89-8221-B26B04ADDCA4}.Release|Any CPU.ActiveCfg = Release|Any CPU
		{1DC1757C-9A9F-4E89-8221-B26B04ADDCA4}.Release|Any CPU.Build.0 = Release|Any CPU
		{581B9BD9-392C-4C1A-A11E-AE2A7DC128CF}.Debug|Any CPU.ActiveCfg = Debug|Any CPU
		{581B9BD9-392C-4C1A-A11E-AE2A7DC128CF}.Debug|Any CPU.Build.0 = Debug|Any CPU
		{581B9BD9-392C-4C1A-A11E-AE2A7DC128CF}.Release|Any CPU.ActiveCfg = Release|Any CPU
		{581B9BD9-392C-4C1A-A11E-AE2A7DC128CF}.Release|Any CPU.Build.0 = Release|Any CPU
		{C8C54BD8-BA81-4028-A928-997B675A9BD8}.Debug|Any CPU.ActiveCfg = Debug|Any CPU
		{C8C54BD8-BA81-4028-A928-997B675A9BD8}.Debug|Any CPU.Build.0 = Debug|Any CPU
		{C8C54BD8-BA81-4028-A928-997B675A9BD8}.Release|Any CPU.ActiveCfg = Release|Any CPU
		{C8C54BD8-BA81-4028-A928-997B675A9BD8}.Release|Any CPU.Build.0 = Release|Any CPU
	EndGlobalSection
	GlobalSection(SolutionProperties) = preSolution
		HideSolutionNode = FALSE
	EndGlobalSection
EndGlobal
