
Microsoft Visual Studio Solution File, Format Version 12.00
# Visual Studio 2012
Project("{FAE04EC0-301F-11D3-BF4B-00C04F79EFBC}") = "01. CalcSqrt", "01. CalcSqrt\01. CalcSqrt.csproj", "{AE4FAB6E-6E90-46D7-9713-143A2CC1D85F}"
EndProject
Project("{FAE04EC0-301F-11D3-BF4B-00C04F79EFBC}") = "02. ReadNUmberInRange", "02. ReadNUmberInRange\02. ReadNUmberInRange.csproj", "{D6CE4216-4AE8-4B80-9982-2BFA5B5A6525}"
EndProject
Project("{FAE04EC0-301F-11D3-BF4B-00C04F79EFBC}") = "03. PrintFIle", "03. PrintFIle\03. PrintFIle.csproj", "{E67B2858-4E0F-4AE8-80F9-D64A5C4DBB66}"
EndProject
Project("{FAE04EC0-301F-11D3-BF4B-00C04F79EFBC}") = "04. DownloadAfile", "04. DownloadAfile\04. DownloadAfile.csproj", "{A1306849-87DB-4615-AAF9-3DFFD59D3F50}"
EndProject
Global
	GlobalSection(SolutionConfigurationPlatforms) = preSolution
		Debug|Any CPU = Debug|Any CPU
		Release|Any CPU = Release|Any CPU
	EndGlobalSection
	GlobalSection(ProjectConfigurationPlatforms) = postSolution
		{AE4FAB6E-6E90-46D7-9713-143A2CC1D85F}.Debug|Any CPU.ActiveCfg = Debug|Any CPU
		{AE4FAB6E-6E90-46D7-9713-143A2CC1D85F}.Debug|Any CPU.Build.0 = Debug|Any CPU
		{AE4FAB6E-6E90-46D7-9713-143A2CC1D85F}.Release|Any CPU.ActiveCfg = Release|Any CPU
		{AE4FAB6E-6E90-46D7-9713-143A2CC1D85F}.Release|Any CPU.Build.0 = Release|Any CPU
		{D6CE4216-4AE8-4B80-9982-2BFA5B5A6525}.Debug|Any CPU.ActiveCfg = Debug|Any CPU
		{D6CE4216-4AE8-4B80-9982-2BFA5B5A6525}.Debug|Any CPU.Build.0 = Debug|Any CPU
		{D6CE4216-4AE8-4B80-9982-2BFA5B5A6525}.Release|Any CPU.ActiveCfg = Release|Any CPU
		{D6CE4216-4AE8-4B80-9982-2BFA5B5A6525}.Release|Any CPU.Build.0 = Release|Any CPU
		{E67B2858-4E0F-4AE8-80F9-D64A5C4DBB66}.Debug|Any CPU.ActiveCfg = Debug|Any CPU
		{E67B2858-4E0F-4AE8-80F9-D64A5C4DBB66}.Debug|Any CPU.Build.0 = Debug|Any CPU
		{E67B2858-4E0F-4AE8-80F9-D64A5C4DBB66}.Release|Any CPU.ActiveCfg = Release|Any CPU
		{E67B2858-4E0F-4AE8-80F9-D64A5C4DBB66}.Release|Any CPU.Build.0 = Release|Any CPU
		{A1306849-87DB-4615-AAF9-3DFFD59D3F50}.Debug|Any CPU.ActiveCfg = Debug|Any CPU
		{A1306849-87DB-4615-AAF9-3DFFD59D3F50}.Debug|Any CPU.Build.0 = Debug|Any CPU
		{A1306849-87DB-4615-AAF9-3DFFD59D3F50}.Release|Any CPU.ActiveCfg = Release|Any CPU
		{A1306849-87DB-4615-AAF9-3DFFD59D3F50}.Release|Any CPU.Build.0 = Release|Any CPU
	EndGlobalSection
	GlobalSection(SolutionProperties) = preSolution
		HideSolutionNode = FALSE
	EndGlobalSection
EndGlobal
